
Microsoft Visual Studio Solution File, Format Version 12.00
# Visual Studio Version 16
VisualStudioVersion = 16.0.33801.447
MinimumVisualStudioVersion = 10.0.40219.1
Project("{FAE04EC0-301F-11D3-BF4B-00C04F79EFBC}") = "PM01_020_Ermokhin", "PM01_020_Ermokhin\PM01_020_Ermokhin.csproj", "{909E0350-B2B3-4A45-9C17-F025035F1FE9}"
EndProject
Global
	GlobalSection(SolutionConfigurationPlatforms) = preSolution
		Debug|Any CPU = Debug|Any CPU
		Release|Any CPU = Release|Any CPU
	EndGlobalSection
	GlobalSection(ProjectConfigurationPlatforms) = postSolution
		{909E0350-B2B3-4A45-9C17-F025035F1FE9}.Debug|Any CPU.ActiveCfg = Debug|Any CPU
		{909E0350-B2B3-4A45-9C17-F025035F1FE9}.Debug|Any CPU.Build.0 = Debug|Any CPU
		{909E0350-B2B3-4A45-9C17-F025035F1FE9}.Release|Any CPU.ActiveCfg = Release|Any CPU
		{909E0350-B2B3-4A45-9C17-F025035F1FE9}.Release|Any CPU.Build.0 = Release|Any CPU
	EndGlobalSection
	GlobalSection(SolutionProperties) = preSolution
		HideSolutionNode = FALSE
	EndGlobalSection
	GlobalSection(ExtensibilityGlobals) = postSolution
		SolutionGuid = {A39022AA-C3CA-4D24-BB88-9C3C4CA0706B}
	EndGlobalSection
EndGlobal
